// !$*UTF8*$!
{
	archiveVersion = 1;
	classes = {
	};
	objectVersion = 46;
	objects = {

/* Begin PBXBuildFile section */
		606B61C11E20C89E004F5084 /* AppDelegate.swift in Sources */ = {isa = PBXBuildFile; fileRef = 606B61C01E20C89E004F5084 /* AppDelegate.swift */; };
		606B61C31E20C89E004F5084 /* RecordSoundViewController.swift in Sources */ = {isa = PBXBuildFile; fileRef = 606B61C21E20C89E004F5084 /* RecordSoundViewController.swift */; };
		606B61C61E20C89E004F5084 /* Main.storyboard in Resources */ = {isa = PBXBuildFile; fileRef = 606B61C41E20C89E004F5084 /* Main.storyboard */; };
		606B61C81E20C89E004F5084 /* Assets.xcassets in Resources */ = {isa = PBXBuildFile; fileRef = 606B61C71E20C89E004F5084 /* Assets.xcassets */; };
		606B61CB1E20C89E004F5084 /* LaunchScreen.storyboard in Resources */ = {isa = PBXBuildFile; fileRef = 606B61C91E20C89E004F5084 /* LaunchScreen.storyboard */; };
		606B61D61E20C89E004F5084 /* Pitch_PerfectTests.swift in Sources */ = {isa = PBXBuildFile; fileRef = 606B61D51E20C89E004F5084 /* Pitch_PerfectTests.swift */; };
		606B61E11E20C89E004F5084 /* Pitch_PerfectUITests.swift in Sources */ = {isa = PBXBuildFile; fileRef = 606B61E01E20C89E004F5084 /* Pitch_PerfectUITests.swift */; };
		606B61EF1E212B9D004F5084 /* PlaySoundViewController.swift in Sources */ = {isa = PBXBuildFile; fileRef = 606B61EE1E212B9D004F5084 /* PlaySoundViewController.swift */; };
		606B61F11E213C96004F5084 /* playsoundsviewcontroller-audio.swift in Sources */ = {isa = PBXBuildFile; fileRef = 606B61F01E213C96004F5084 /* playsoundsviewcontroller-audio.swift */; };
/* End PBXBuildFile section */

/* Begin PBXContainerItemProxy section */
		606B61D21E20C89E004F5084 /* PBXContainerItemProxy */ = {
			isa = PBXContainerItemProxy;
			containerPortal = 606B61B51E20C89E004F5084 /* Project object */;
			proxyType = 1;
			remoteGlobalIDString = 606B61BC1E20C89E004F5084;
			remoteInfo = Pitch_Perfect;
		};
		606B61DD1E20C89E004F5084 /* PBXContainerItemProxy */ = {
			isa = PBXContainerItemProxy;
			containerPortal = 606B61B51E20C89E004F5084 /* Project object */;
			proxyType = 1;
			remoteGlobalIDString = 606B61BC1E20C89E004F5084;
			remoteInfo = Pitch_Perfect;
		};
/* End PBXContainerItemProxy section */

/* Begin PBXFileReference section */
		606B61BD1E20C89E004F5084 /* Pitch_Perfect.app */ = {isa = PBXFileReference; explicitFileType = wrapper.application; includeInIndex = 0; path = Pitch_Perfect.app; sourceTree = BUILT_PRODUCTS_DIR; };
		606B61C01E20C89E004F5084 /* AppDelegate.swift */ = {isa = PBXFileReference; lastKnownFileType = sourcecode.swift; path = AppDelegate.swift; sourceTree = "<group>"; };
		606B61C21E20C89E004F5084 /* RecordSoundViewController.swift */ = {isa = PBXFileReference; lastKnownFileType = sourcecode.swift; path = RecordSoundViewController.swift; sourceTree = "<group>"; };
		606B61C51E20C89E004F5084 /* Base */ = {isa = PBXFileReference; lastKnownFileType = file.storyboard; name = Base; path = Base.lproj/Main.storyboard; sourceTree = "<group>"; };
		606B61C71E20C89E004F5084 /* Assets.xcassets */ = {isa = PBXFileReference; lastKnownFileType = folder.assetcatalog; path = Assets.xcassets; sourceTree = "<group>"; };
		606B61CA1E20C89E004F5084 /* Base */ = {isa = PBXFileReference; lastKnownFileType = file.storyboard; name = Base; path = Base.lproj/LaunchScreen.storyboard; sourceTree = "<group>"; };
		606B61CC1E20C89E004F5084 /* Info.plist */ = {isa = PBXFileReference; lastKnownFileType = text.plist.xml; path = Info.plist; sourceTree = "<group>"; };
		606B61D11E20C89E004F5084 /* Pitch_PerfectTests.xctest */ = {isa = PBXFileReference; explicitFileType = wrapper.cfbundle; includeInIndex = 0; path = Pitch_PerfectTests.xctest; sourceTree = BUILT_PRODUCTS_DIR; };
		606B61D51E20C89E004F5084 /* Pitch_PerfectTests.swift */ = {isa = PBXFileReference; lastKnownFileType = sourcecode.swift; path = Pitch_PerfectTests.swift; sourceTree = "<group>"; };
		606B61D71E20C89E004F5084 /* Info.plist */ = {isa = PBXFileReference; lastKnownFileType = text.plist.xml; path = Info.plist; sourceTree = "<group>"; };
		606B61DC1E20C89E004F5084 /* Pitch_PerfectUITests.xctest */ = {isa = PBXFileReference; explicitFileType = wrapper.cfbundle; includeInIndex = 0; path = Pitch_PerfectUITests.xctest; sourceTree = BUILT_PRODUCTS_DIR; };
		606B61E01E20C89E004F5084 /* Pitch_PerfectUITests.swift */ = {isa = PBXFileReference; lastKnownFileType = sourcecode.swift; path = Pitch_PerfectUITests.swift; sourceTree = "<group>"; };
		606B61E21E20C89E004F5084 /* Info.plist */ = {isa = PBXFileReference; lastKnownFileType = text.plist.xml; path = Info.plist; sourceTree = "<group>"; };
		606B61EE1E212B9D004F5084 /* PlaySoundViewController.swift */ = {isa = PBXFileReference; fileEncoding = 4; lastKnownFileType = sourcecode.swift; path = PlaySoundViewController.swift; sourceTree = "<group>"; };
		606B61F01E213C96004F5084 /* playsoundsviewcontroller-audio.swift */ = {isa = PBXFileReference; fileEncoding = 4; lastKnownFileType = sourcecode.swift; path = "playsoundsviewcontroller-audio.swift"; sourceTree = "<group>"; };
/* End PBXFileReference section */

/* Begin PBXFrameworksBuildPhase section */
		606B61BA1E20C89E004F5084 /* Frameworks */ = {
			isa = PBXFrameworksBuildPhase;
			buildActionMask = 2147483647;
			files = (
			);
			runOnlyForDeploymentPostprocessing = 0;
		};
		606B61CE1E20C89E004F5084 /* Frameworks */ = {
			isa = PBXFrameworksBuildPhase;
			buildActionMask = 2147483647;
			files = (
			);
			runOnlyForDeploymentPostprocessing = 0;
		};
		606B61D91E20C89E004F5084 /* Frameworks */ = {
			isa = PBXFrameworksBuildPhase;
			buildActionMask = 2147483647;
			files = (
			);
			runOnlyForDeploymentPostprocessing = 0;
		};
/* End PBXFrameworksBuildPhase section */

/* Begin PBXGroup section */
		606B61B41E20C89E004F5084 = {
			isa = PBXGroup;
			children = (
				606B61BF1E20C89E004F5084 /* Pitch_Perfect */,
				606B61D41E20C89E004F5084 /* Pitch_PerfectTests */,
				606B61DF1E20C89E004F5084 /* Pitch_PerfectUITests */,
				606B61BE1E20C89E004F5084 /* Products */,
			);
			sourceTree = "<group>";
		};
		606B61BE1E20C89E004F5084 /* Products */ = {
			isa = PBXGroup;
			children = (
				606B61BD1E20C89E004F5084 /* Pitch_Perfect.app */,
				606B61D11E20C89E004F5084 /* Pitch_PerfectTests.xctest */,
				606B61DC1E20C89E004F5084 /* Pitch_PerfectUITests.xctest */,
			);
			name = Products;
			sourceTree = "<group>";
		};
		606B61BF1E20C89E004F5084 /* Pitch_Perfect */ = {
			isa = PBXGroup;
			children = (
				606B61C01E20C89E004F5084 /* AppDelegate.swift */,
				606B61C21E20C89E004F5084 /* RecordSoundViewController.swift */,
				606B61C41E20C89E004F5084 /* Main.storyboard */,
				606B61C71E20C89E004F5084 /* Assets.xcassets */,
				606B61C91E20C89E004F5084 /* LaunchScreen.storyboard */,
				606B61CC1E20C89E004F5084 /* Info.plist */,
				606B61EE1E212B9D004F5084 /* PlaySoundViewController.swift */,
				606B61F01E213C96004F5084 /* playsoundsviewcontroller-audio.swift */,
			);
			path = Pitch_Perfect;
			sourceTree = "<group>";
		};
		606B61D41E20C89E004F5084 /* Pitch_PerfectTests */ = {
			isa = PBXGroup;
			children = (
				606B61D51E20C89E004F5084 /* Pitch_PerfectTests.swift */,
				606B61D71E20C89E004F5084 /* Info.plist */,
			);
			path = Pitch_PerfectTests;
			sourceTree = "<group>";
		};
		606B61DF1E20C89E004F5084 /* Pitch_PerfectUITests */ = {
			isa = PBXGroup;
			children = (
				606B61E01E20C89E004F5084 /* Pitch_PerfectUITests.swift */,
				606B61E21E20C89E004F5084 /* Info.plist */,
			);
			path = Pitch_PerfectUITests;
			sourceTree = "<group>";
		};
/* End PBXGroup section */

/* Begin PBXNativeTarget section */
		606B61BC1E20C89E004F5084 /* Pitch_Perfect */ = {
			isa = PBXNativeTarget;
			buildConfigurationList = 606B61E51E20C89E004F5084 /* Build configuration list for PBXNativeTarget "Pitch_Perfect" */;
			buildPhases = (
				606B61B91E20C89E004F5084 /* Sources */,
				606B61BA1E20C89E004F5084 /* Frameworks */,
				606B61BB1E20C89E004F5084 /* Resources */,
			);
			buildRules = (
			);
			dependencies = (
			);
			name = Pitch_Perfect;
			productName = Pitch_Perfect;
			productReference = 606B61BD1E20C89E004F5084 /* Pitch_Perfect.app */;
			productType = "com.apple.product-type.application";
		};
		606B61D01E20C89E004F5084 /* Pitch_PerfectTests */ = {
			isa = PBXNativeTarget;
			buildConfigurationList = 606B61E81E20C89E004F5084 /* Build configuration list for PBXNativeTarget "Pitch_PerfectTests" */;
			buildPhases = (
				606B61CD1E20C89E004F5084 /* Sources */,
				606B61CE1E20C89E004F5084 /* Frameworks */,
				606B61CF1E20C89E004F5084 /* Resources */,
			);
			buildRules = (
			);
			dependencies = (
				606B61D31E20C89E004F5084 /* PBXTargetDependency */,
			);
			name = Pitch_PerfectTests;
			productName = Pitch_PerfectTests;
			productReference = 606B61D11E20C89E004F5084 /* Pitch_PerfectTests.xctest */;
			productType = "com.apple.product-type.bundle.unit-test";
		};
		606B61DB1E20C89E004F5084 /* Pitch_PerfectUITests */ = {
			isa = PBXNativeTarget;
			buildConfigurationList = 606B61EB1E20C89E004F5084 /* Build configuration list for PBXNativeTarget "Pitch_PerfectUITests" */;
			buildPhases = (
				606B61D81E20C89E004F5084 /* Sources */,
				606B61D91E20C89E004F5084 /* Frameworks */,
				606B61DA1E20C89E004F5084 /* Resources */,
			);
			buildRules = (
			);
			dependencies = (
				606B61DE1E20C89E004F5084 /* PBXTargetDependency */,
			);
			name = Pitch_PerfectUITests;
			productName = Pitch_PerfectUITests;
			productReference = 606B61DC1E20C89E004F5084 /* Pitch_PerfectUITests.xctest */;
			productType = "com.apple.product-type.bundle.ui-testing";
		};
/* End PBXNativeTarget section */

/* Begin PBXProject section */
		606B61B51E20C89E004F5084 /* Project object */ = {
			isa = PBXProject;
			attributes = {
				LastSwiftUpdateCheck = 0820;
				LastUpgradeCheck = 0820;
				TargetAttributes = {
					606B61BC1E20C89E004F5084 = {
						CreatedOnToolsVersion = 8.2.1;
						ProvisioningStyle = Automatic;
					};
					606B61D01E20C89E004F5084 = {
						CreatedOnToolsVersion = 8.2.1;
						ProvisioningStyle = Automatic;
						TestTargetID = 606B61BC1E20C89E004F5084;
					};
					606B61DB1E20C89E004F5084 = {
						CreatedOnToolsVersion = 8.2.1;
						ProvisioningStyle = Automatic;
						TestTargetID = 606B61BC1E20C89E004F5084;
					};
				};
			};
			buildConfigurationList = 606B61B81E20C89E004F5084 /* Build configuration list for PBXProject "Pitch_Perfect" */;
			compatibilityVersion = "Xcode 3.2";
			developmentRegion = English;
			hasScannedForEncodings = 0;
			knownRegions = (
				en,
				Base,
			);
			mainGroup = 606B61B41E20C89E004F5084;
			productRefGroup = 606B61BE1E20C89E004F5084 /* Products */;
			projectDirPath = "";
			projectRoot = "";
			targets = (
				606B61BC1E20C89E004F5084 /* Pitch_Perfect */,
				606B61D01E20C89E004F5084 /* Pitch_PerfectTests */,
				606B61DB1E20C89E004F5084 /* Pitch_PerfectUITests */,
			);
		};
/* End PBXProject section */

/* Begin PBXResourcesBuildPhase section */
		606B61BB1E20C89E004F5084 /* Resources */ = {
			isa = PBXResourcesBuildPhase;
			buildActionMask = 2147483647;
			files = (
				606B61CB1E20C89E004F5084 /* LaunchScreen.storyboard in Resources */,
				606B61C81E20C89E004F5084 /* Assets.xcassets in Resources */,
				606B61C61E20C89E004F5084 /* Main.storyboard in Resources */,
			);
			runOnlyForDeploymentPostprocessing = 0;
		};
		606B61CF1E20C89E004F5084 /* Resources */ = {
			isa = PBXResourcesBuildPhase;
			buildActionMask = 2147483647;
			files = (
			);
			runOnlyForDeploymentPostprocessing = 0;
		};
		606B61DA1E20C89E004F5084 /* Resources */ = {
			isa = PBXResourcesBuildPhase;
			buildActionMask = 2147483647;
			files = (
			);
			runOnlyForDeploymentPostprocessing = 0;
		};
/* End PBXResourcesBuildPhase section */

/* Begin PBXSourcesBuildPhase section */
		606B61B91E20C89E004F5084 /* Sources */ = {
			isa = PBXSourcesBuildPhase;
			buildActionMask = 2147483647;
			files = (
				606B61C31E20C89E004F5084 /* RecordSoundViewController.swift in Sources */,
				606B61EF1E212B9D004F5084 /* PlaySoundViewController.swift in Sources */,
				606B61C11E20C89E004F5084 /* AppDelegate.swift in Sources */,
				606B61F11E213C96004F5084 /* playsoundsviewcontroller-audio.swift in Sources */,
			);
			runOnlyForDeploymentPostprocessing = 0;
		};
		606B61CD1E20C89E004F5084 /* Sources */ = {
			isa = PBXSourcesBuildPhase;
			buildActionMask = 2147483647;
			files = (
				606B61D61E20C89E004F5084 /* Pitch_PerfectTests.swift in Sources */,
			);
			runOnlyForDeploymentPostprocessing = 0;
		};
		606B61D81E20C89E004F5084 /* Sources */ = {
			isa = PBXSourcesBuildPhase;
			buildActionMask = 2147483647;
			files = (
				606B61E11E20C89E004F5084 /* Pitch_PerfectUITests.swift in Sources */,
			);
			runOnlyForDeploymentPostprocessing = 0;
		};
/* End PBXSourcesBuildPhase section */

/* Begin PBXTargetDependency section */
		606B61D31E20C89E004F5084 /* PBXTargetDependency */ = {
			isa = PBXTargetDependency;
			target = 606B61BC1E20C89E004F5084 /* Pitch_Perfect */;
			targetProxy = 606B61D21E20C89E004F5084 /* PBXContainerItemProxy */;
		};
		606B61DE1E20C89E004F5084 /* PBXTargetDependency */ = {
			isa = PBXTargetDependency;
			target = 606B61BC1E20C89E004F5084 /* Pitch_Perfect */;
			targetProxy = 606B61DD1E20C89E004F5084 /* PBXContainerItemProxy */;
		};
/* End PBXTargetDependency section */

/* Begin PBXVariantGroup section */
		606B61C41E20C89E004F5084 /* Main.storyboard */ = {
			isa = PBXVariantGroup;
			children = (
				606B61C51E20C89E004F5084 /* Base */,
			);
			name = Main.storyboard;
			sourceTree = "<group>";
		};
		606B61C91E20C89E004F5084 /* LaunchScreen.storyboard */ = {
			isa = PBXVariantGroup;
			children = (
				606B61CA1E20C89E004F5084 /* Base */,
			);
			name = LaunchScreen.storyboard;
			sourceTree = "<group>";
		};
/* End PBXVariantGroup section */

/* Begin XCBuildConfiguration section */
		606B61E31E20C89E004F5084 /* Debug */ = {
			isa = XCBuildConfiguration;
			buildSettings = {
				ALWAYS_SEARCH_USER_PATHS = NO;
				CLANG_ANALYZER_NONNULL = YES;
				CLANG_CXX_LANGUAGE_STANDARD = "gnu++0x";
				CLANG_CXX_LIBRARY = "libc++";
				CLANG_ENABLE_MODULES = YES;
				CLANG_ENABLE_OBJC_ARC = YES;
				CLANG_WARN_BOOL_CONVERSION = YES;
				CLANG_WARN_CONSTANT_CONVERSION = YES;
				CLANG_WARN_DIRECT_OBJC_ISA_USAGE = YES_ERROR;
				CLANG_WARN_DOCUMENTATION_COMMENTS = YES;
				CLANG_WARN_EMPTY_BODY = YES;
				CLANG_WARN_ENUM_CONVERSION = YES;
				CLANG_WARN_INFINITE_RECURSION = YES;
				CLANG_WARN_INT_CONVERSION = YES;
				CLANG_WARN_OBJC_ROOT_CLASS = YES_ERROR;
				CLANG_WARN_SUSPICIOUS_MOVE = YES;
				CLANG_WARN_UNREACHABLE_CODE = YES;
				CLANG_WARN__DUPLICATE_METHOD_MATCH = YES;
				"CODE_SIGN_IDENTITY[sdk=iphoneos*]" = "iPhone Developer";
				COPY_PHASE_STRIP = NO;
				DEBUG_INFORMATION_FORMAT = dwarf;
				ENABLE_STRICT_OBJC_MSGSEND = YES;
				ENABLE_TESTABILITY = YES;
				GCC_C_LANGUAGE_STANDARD = gnu99;
				GCC_DYNAMIC_NO_PIC = NO;
				GCC_NO_COMMON_BLOCKS = YES;
				GCC_OPTIMIZATION_LEVEL = 0;
				GCC_PREPROCESSOR_DEFINITIONS = (
					"DEBUG=1",
					"$(inherited)",
				);
				GCC_WARN_64_TO_32_BIT_CONVERSION = YES;
				GCC_WARN_ABOUT_RETURN_TYPE = YES_ERROR;
				GCC_WARN_UNDECLARED_SELECTOR = YES;
				GCC_WARN_UNINITIALIZED_AUTOS = YES_AGGRESSIVE;
				GCC_WARN_UNUSED_FUNCTION = YES;
				GCC_WARN_UNUSED_VARIABLE = YES;
				IPHONEOS_DEPLOYMENT_TARGET = 10.2;
				MTL_ENABLE_DEBUG_INFO = YES;
				ONLY_ACTIVE_ARCH = YES;
				SDKROOT = iphoneos;
				SWIFT_ACTIVE_COMPILATION_CONDITIONS = DEBUG;
				SWIFT_OPTIMIZATION_LEVEL = "-Onone";
				TARGETED_DEVICE_FAMILY = "1,2";
			};
			name = Debug;
		};
		606B61E41E20C89E004F5084 /* Release */ = {
			isa = XCBuildConfiguration;
			buildSettings = {
				ALWAYS_SEARCH_USER_PATHS = NO;
				CLANG_ANALYZER_NONNULL = YES;
				CLANG_CXX_LANGUAGE_STANDARD = "gnu++0x";
				CLANG_CXX_LIBRARY = "libc++";
				CLANG_ENABLE_MODULES = YES;
				CLANG_ENABLE_OBJC_ARC = YES;
				CLANG_WARN_BOOL_CONVERSION = YES;
				CLANG_WARN_CONSTANT_CONVERSION = YES;
				CLANG_WARN_DIRECT_OBJC_ISA_USAGE = YES_ERROR;
				CLANG_WARN_DOCUMENTATION_COMMENTS = YES;
				CLANG_WARN_EMPTY_BODY = YES;
				CLANG_WARN_ENUM_CONVERSION = YES;
				CLANG_WARN_INFINITE_RECURSION = YES;
				CLANG_WARN_INT_CONVERSION = YES;
				CLANG_WARN_OBJC_ROOT_CLASS = YES_ERROR;
				CLANG_WARN_SUSPICIOUS_MOVE = YES;
				CLANG_WARN_UNREACHABLE_CODE = YES;
				CLANG_WARN__DUPLICATE_METHOD_MATCH = YES;
				"CODE_SIGN_IDENTITY[sdk=iphoneos*]" = "iPhone Developer";
				COPY_PHASE_STRIP = NO;
				DEBUG_INFORMATION_FORMAT = "dwarf-with-dsym";
				ENABLE_NS_ASSERTIONS = NO;
				ENABLE_STRICT_OBJC_MSGSEND = YES;
				GCC_C_LANGUAGE_STANDARD = gnu99;
				GCC_NO_COMMON_BLOCKS = YES;
				GCC_WARN_64_TO_32_BIT_CONVERSION = YES;
				GCC_WARN_ABOUT_RETURN_TYPE = YES_ERROR;
				GCC_WARN_UNDECLARED_SELECTOR = YES;
				GCC_WARN_UNINITIALIZED_AUTOS = YES_AGGRESSIVE;
				GCC_WARN_UNUSED_FUNCTION = YES;
				GCC_WARN_UNUSED_VARIABLE = YES;
				IPHONEOS_DEPLOYMENT_TARGET = 10.2;
				MTL_ENABLE_DEBUG_INFO = NO;
				SDKROOT = iphoneos;
				SWIFT_OPTIMIZATION_LEVEL = "-Owholemodule";
				TARGETED_DEVICE_FAMILY = "1,2";
				VALIDATE_PRODUCT = YES;
			};
			name = Release;
		};
		606B61E61E20C89E004F5084 /* Debug */ = {
			isa = XCBuildConfiguration;
			buildSettings = {
				ASSETCATALOG_COMPILER_APPICON_NAME = AppIcon;
				INFOPLIST_FILE = Pitch_Perfect/Info.plist;
				LD_RUNPATH_SEARCH_PATHS = "$(inherited) @executable_path/Frameworks";
				PRODUCT_BUNDLE_IDENTIFIER = "com.heheda.Pitch-Perfect";
				PRODUCT_NAME = "$(TARGET_NAME)";
				SWIFT_VERSION = 3.0;
			};
			name = Debug;
		};
		606B61E71E20C89E004F5084 /* Release */ = {
			isa = XCBuildConfiguration;
			buildSettings = {
				ASSETCATALOG_COMPILER_APPICON_NAME = AppIcon;
				INFOPLIST_FILE = Pitch_Perfect/Info.plist;
				LD_RUNPATH_SEARCH_PATHS = "$(inherited) @executable_path/Frameworks";
				PRODUCT_BUNDLE_IDENTIFIER = "com.heheda.Pitch-Perfect";
				PRODUCT_NAME = "$(TARGET_NAME)";
				SWIFT_VERSION = 3.0;
			};
			name = Release;
		};
		606B61E91E20C89E004F5084 /* Debug */ = {
			isa = XCBuildConfiguration;
			buildSettings = {
				ALWAYS_EMBED_SWIFT_STANDARD_LIBRARIES = YES;
				BUNDLE_LOADER = "$(TEST_HOST)";
				INFOPLIST_FILE = Pitch_PerfectTests/Info.plist;
				LD_RUNPATH_SEARCH_PATHS = "$(inherited) @executable_path/Frameworks @loader_path/Frameworks";
				PRODUCT_BUNDLE_IDENTIFIER = "com.heheda.Pitch-PerfectTests";
				PRODUCT_NAME = "$(TARGET_NAME)";
				SWIFT_VERSION = 3.0;
				TEST_HOST = "$(BUILT_PRODUCTS_DIR)/Pitch_Perfect.app/Pitch_Perfect";
			};
			name = Debug;
		};
		606B61EA1E20C89E004F5084 /* Release */ = {
			isa = XCBuildConfiguration;
			buildSettings = {
				ALWAYS_EMBED_SWIFT_STANDARD_LIBRARIES = YES;
				BUNDLE_LOADER = "$(TEST_HOST)";
				INFOPLIST_FILE = Pitch_PerfectTests/Info.plist;
				LD_RUNPATH_SEARCH_PATHS = "$(inherited) @executable_path/Frameworks @loader_path/Frameworks";
				PRODUCT_BUNDLE_IDENTIFIER = "com.heheda.Pitch-PerfectTests";
				PRODUCT_NAME = "$(TARGET_NAME)";
				SWIFT_VERSION = 3.0;
				TEST_HOST = "$(BUILT_PRODUCTS_DIR)/Pitch_Perfect.app/Pitch_Perfect";
			};
			name = Release;
		};
		606B61EC1E20C89E004F5084 /* Debug */ = {
			isa = XCBuildConfiguration;
			buildSettings = {
				ALWAYS_EMBED_SWIFT_STANDARD_LIBRARIES = YES;
				INFOPLIST_FILE = Pitch_PerfectUITests/Info.plist;
				LD_RUNPATH_SEARCH_PATHS = "$(inherited) @executable_path/Frameworks @loader_path/Frameworks";
				PRODUCT_BUNDLE_IDENTIFIER = "com.heheda.Pitch-PerfectUITests";
				PRODUCT_NAME = "$(TARGET_NAME)";
				SWIFT_VERSION = 3.0;
				TEST_TARGET_NAME = Pitch_Perfect;
			};
			name = Debug;
		};
		606B61ED1E20C89E004F5084 /* Release */ = {
			isa = XCBuildConfiguration;
			buildSettings = {
				ALWAYS_EMBED_SWIFT_STANDARD_LIBRARIES = YES;
				INFOPLIST_FILE = Pitch_PerfectUITests/Info.plist;
				LD_RUNPATH_SEARCH_PATHS = "$(inherited) @executable_path/Frameworks @loader_path/Frameworks";
				PRODUCT_BUNDLE_IDENTIFIER = "com.heheda.Pitch-PerfectUITests";
				PRODUCT_NAME = "$(TARGET_NAME)";
				SWIFT_VERSION = 3.0;
				TEST_TARGET_NAME = Pitch_Perfect;
			};
			name = Release;
		};
/* End XCBuildConfiguration section */

/* Begin XCConfigurationList section */
		606B61B81E20C89E004F5084 /* Build configuration list for PBXProject "Pitch_Perfect" */ = {
			isa = XCConfigurationList;
			buildConfigurations = (
				606B61E31E20C89E004F5084 /* Debug */,
				606B61E41E20C89E004F5084 /* Release */,
			);
			defaultConfigurationIsVisible = 0;
			defaultConfigurationName = Release;
		};
		606B61E51E20C89E004F5084 /* Build configuration list for PBXNativeTarget "Pitch_Perfect" */ = {
			isa = XCConfigurationList;
			buildConfigurations = (
				606B61E61E20C89E004F5084 /* Debug */,
				606B61E71E20C89E004F5084 /* Release */,
			);
			defaultConfigurationIsVisible = 0;
		};
		606B61E81E20C89E004F5084 /* Build configuration list for PBXNativeTarget "Pitch_PerfectTests" */ = {
			isa = XCConfigurationList;
			buildConfigurations = (
				606B61E91E20C89E004F5084 /* Debug */,
				606B61EA1E20C89E004F5084 /* Release */,
			);
			defaultConfigurationIsVisible = 0;
		};
		606B61EB1E20C89E004F5084 /* Build configuration list for PBXNativeTarget "Pitch_PerfectUITests" */ = {
			isa = XCConfigurationList;
			buildConfigurations = (
				606B61EC1E20C89E004F5084 /* Debug */,
				606B61ED1E20C89E004F5084 /* Release */,
			);
			defaultConfigurationIsVisible = 0;
		};
/* End XCConfigurationList section */
	};
	rootObject = 606B61B51E20C89E004F5084 /* Project object */;
}
